// !$*UTF8*$!
{
	archiveVersion = 1;
	classes = {
	};
	objectVersion = 46;
	objects = {

/* Begin PBXBuildFile section */
		FE0DBDD91F1D08FD008CAE90 /* main.swift in Sources */ = {isa = PBXBuildFile; fileRef = FE0DBDD81F1D08FD008CAE90 /* main.swift */; };
		FE0DBDE01F1D0929008CAE90 /* Shell.swift in Sources */ = {isa = PBXBuildFile; fileRef = FE0DBDDF1F1D0929008CAE90 /* Shell.swift */; };
		FE0DBDE31F1D0A47008CAE90 /* README.md in Sources */ = {isa = PBXBuildFile; fileRef = FE0DBDE21F1D0A47008CAE90 /* README.md */; };
/* End PBXBuildFile section */

/* Begin PBXCopyFilesBuildPhase section */
		FE0DBDD31F1D08FD008CAE90 /* CopyFiles */ = {
			isa = PBXCopyFilesBuildPhase;
			buildActionMask = 2147483647;
			dstPath = /usr/share/man/man1/;
			dstSubfolderSpec = 0;
			files = (
			);
			runOnlyForDeploymentPostprocessing = 1;
		};
/* End PBXCopyFilesBuildPhase section */

/* Begin PBXFileReference section */
		FE0DBDD51F1D08FD008CAE90 /* CheckStoryboard */ = {isa = PBXFileReference; explicitFileType = "compiled.mach-o.executable"; includeInIndex = 0; path = CheckStoryboard; sourceTree = BUILT_PRODUCTS_DIR; };
		FE0DBDD81F1D08FD008CAE90 /* main.swift */ = {isa = PBXFileReference; lastKnownFileType = sourcecode.swift; path = main.swift; sourceTree = "<group>"; };
		FE0DBDDF1F1D0929008CAE90 /* Shell.swift */ = {isa = PBXFileReference; fileEncoding = 4; lastKnownFileType = sourcecode.swift; path = Shell.swift; sourceTree = "<group>"; };
		FE0DBDE11F1D0A47008CAE90 /* LICENSE */ = {isa = PBXFileReference; fileEncoding = 4; lastKnownFileType = text; path = LICENSE; sourceTree = "<group>"; };
		FE0DBDE21F1D0A47008CAE90 /* README.md */ = {isa = PBXFileReference; fileEncoding = 4; lastKnownFileType = net.daringfireball.markdown; path = README.md; sourceTree = "<group>"; };
/* End PBXFileReference section */

/* Begin PBXFrameworksBuildPhase section */
		FE0DBDD21F1D08FD008CAE90 /* Frameworks */ = {
			isa = PBXFrameworksBuildPhase;
			buildActionMask = 2147483647;
			files = (
			);
			runOnlyForDeploymentPostprocessing = 0;
		};
/* End PBXFrameworksBuildPhase section */

/* Begin PBXGroup section */
		FE0DBDCC1F1D08FD008CAE90 = {
			isa = PBXGroup;
			children = (
				FE0DBDE11F1D0A47008CAE90 /* LICENSE */,
				FE0DBDE21F1D0A47008CAE90 /* README.md */,
				FE0DBDD71F1D08FD008CAE90 /* CheckStoryboard */,
				FE0DBDD61F1D08FD008CAE90 /* Products */,
			);
			sourceTree = "<group>";
		};
		FE0DBDD61F1D08FD008CAE90 /* Products */ = {
			isa = PBXGroup;
			children = (
				FE0DBDD51F1D08FD008CAE90 /* CheckStoryboard */,
			);
			name = Products;
			sourceTree = "<group>";
		};
		FE0DBDD71F1D08FD008CAE90 /* CheckStoryboard */ = {
			isa = PBXGroup;
			children = (
				FE0DBDD81F1D08FD008CAE90 /* main.swift */,
				FE0DBDDF1F1D0929008CAE90 /* Shell.swift */,
			);
			path = CheckStoryboard;
			sourceTree = "<group>";
		};
/* End PBXGroup section */

/* Begin PBXNativeTarget section */
		FE0DBDD41F1D08FD008CAE90 /* CheckStoryboard */ = {
			isa = PBXNativeTarget;
			buildConfigurationList = FE0DBDDC1F1D08FD008CAE90 /* Build configuration list for PBXNativeTarget "CheckStoryboard" */;
			buildPhases = (
				FE0DBDD11F1D08FD008CAE90 /* Sources */,
				FE0DBDD21F1D08FD008CAE90 /* Frameworks */,
				FE0DBDD31F1D08FD008CAE90 /* CopyFiles */,
			);
			buildRules = (
			);
			dependencies = (
			);
			name = CheckStoryboard;
			productName = CheckStoryboard;
			productReference = FE0DBDD51F1D08FD008CAE90 /* CheckStoryboard */;
			productType = "com.apple.product-type.tool";
		};
/* End PBXNativeTarget section */

/* Begin PBXProject section */
		FE0DBDCD1F1D08FD008CAE90 /* Project object */ = {
			isa = PBXProject;
			attributes = {
				LastSwiftUpdateCheck = 0830;
				LastUpgradeCheck = 0830;
				ORGANIZATIONNAME = "anass talii";
				TargetAttributes = {
					FE0DBDD41F1D08FD008CAE90 = {
						CreatedOnToolsVersion = 8.3.2;
						ProvisioningStyle = Automatic;
					};
				};
			};
			buildConfigurationList = FE0DBDD01F1D08FD008CAE90 /* Build configuration list for PBXProject "CheckStoryboard" */;
			compatibilityVersion = "Xcode 3.2";
			developmentRegion = English;
			hasScannedForEncodings = 0;
			knownRegions = (
				en,
			);
			mainGroup = FE0DBDCC1F1D08FD008CAE90;
			productRefGroup = FE0DBDD61F1D08FD008CAE90 /* Products */;
			projectDirPath = "";
			projectRoot = "";
			targets = (
				FE0DBDD41F1D08FD008CAE90 /* CheckStoryboard */,
			);
		};
/* End PBXProject section */

/* Begin PBXSourcesBuildPhase section */
		FE0DBDD11F1D08FD008CAE90 /* Sources */ = {
			isa = PBXSourcesBuildPhase;
			buildActionMask = 2147483647;
			files = (
				FE0DBDE31F1D0A47008CAE90 /* README.md in Sources */,
				FE0DBDE01F1D0929008CAE90 /* Shell.swift in Sources */,
				FE0DBDD91F1D08FD008CAE90 /* main.swift in Sources */,
			);
			runOnlyForDeploymentPostprocessing = 0;
		};
/* End PBXSourcesBuildPhase section */

/* Begin XCBuildConfiguration section */
		FE0DBDDA1F1D08FD008CAE90 /* Debug */ = {
			isa = XCBuildConfiguration;
			buildSettings = {
				ALWAYS_SEARCH_USER_PATHS = NO;
				CLANG_ANALYZER_NONNULL = YES;
				CLANG_ANALYZER_NUMBER_OBJECT_CONVERSION = YES_AGGRESSIVE;
				CLANG_CXX_LANGUAGE_STANDARD = "gnu++0x";
				CLANG_CXX_LIBRARY = "libc++";
				CLANG_ENABLE_MODULES = YES;
				CLANG_ENABLE_OBJC_ARC = YES;
				CLANG_WARN_BOOL_CONVERSION = YES;
				CLANG_WARN_CONSTANT_CONVERSION = YES;
				CLANG_WARN_DIRECT_OBJC_ISA_USAGE = YES_ERROR;
				CLANG_WARN_DOCUMENTATION_COMMENTS = YES;
				CLANG_WARN_EMPTY_BODY = YES;
				CLANG_WARN_ENUM_CONVERSION = YES;
				CLANG_WARN_INFINITE_RECURSION = YES;
				CLANG_WARN_INT_CONVERSION = YES;
				CLANG_WARN_OBJC_ROOT_CLASS = YES_ERROR;
				CLANG_WARN_SUSPICIOUS_MOVE = YES;
				CLANG_WARN_UNREACHABLE_CODE = YES;
				CLANG_WARN__DUPLICATE_METHOD_MATCH = YES;
				CODE_SIGN_IDENTITY = "-";
				COPY_PHASE_STRIP = NO;
				DEBUG_INFORMATION_FORMAT = dwarf;
				ENABLE_STRICT_OBJC_MSGSEND = YES;
				ENABLE_TESTABILITY = YES;
				GCC_C_LANGUAGE_STANDARD = gnu99;
				GCC_DYNAMIC_NO_PIC = NO;
				GCC_NO_COMMON_BLOCKS = YES;
				GCC_OPTIMIZATION_LEVEL = 0;
				GCC_PREPROCESSOR_DEFINITIONS = (
					"DEBUG=1",
					"$(inherited)",
				);
				GCC_WARN_64_TO_32_BIT_CONVERSION = YES;
				GCC_WARN_ABOUT_RETURN_TYPE = YES_ERROR;
				GCC_WARN_UNDECLARED_SELECTOR = YES;
				GCC_WARN_UNINITIALIZED_AUTOS = YES_AGGRESSIVE;
				GCC_WARN_UNUSED_FUNCTION = YES;
				GCC_WARN_UNUSED_VARIABLE = YES;
				MACOSX_DEPLOYMENT_TARGET = 10.12;
				MTL_ENABLE_DEBUG_INFO = YES;
				ONLY_ACTIVE_ARCH = YES;
				SDKROOT = macosx;
				SWIFT_OPTIMIZATION_LEVEL = "-Onone";
			};
			name = Debug;
		};
		FE0DBDDB1F1D08FD008CAE90 /* Release */ = {
			isa = XCBuildConfiguration;
			buildSettings = {
				ALWAYS_SEARCH_USER_PATHS = NO;
				CLANG_ANALYZER_NONNULL = YES;
				CLANG_ANALYZER_NUMBER_OBJECT_CONVERSION = YES_AGGRESSIVE;
				CLANG_CXX_LANGUAGE_STANDARD = "gnu++0x";
				CLANG_CXX_LIBRARY = "libc++";
				CLANG_ENABLE_MODULES = YES;
				CLANG_ENABLE_OBJC_ARC = YES;
				CLANG_WARN_BOOL_CONVERSION = YES;
				CLANG_WARN_CONSTANT_CONVERSION = YES;
				CLANG_WARN_DIRECT_OBJC_ISA_USAGE = YES_ERROR;
				CLANG_WARN_DOCUMENTATION_COMMENTS = YES;
				CLANG_WARN_EMPTY_BODY = YES;
				CLANG_WARN_ENUM_CONVERSION = YES;
				CLANG_WARN_INFINITE_RECURSION = YES;
				CLANG_WARN_INT_CONVERSION = YES;
				CLANG_WARN_OBJC_ROOT_CLASS = YES_ERROR;
				CLANG_WARN_SUSPICIOUS_MOVE = YES;
				CLANG_WARN_UNREACHABLE_CODE = YES;
				CLANG_WARN__DUPLICATE_METHOD_MATCH = YES;
				CODE_SIGN_IDENTITY = "-";
				COPY_PHASE_STRIP = NO;
				DEBUG_INFORMATION_FORMAT = "dwarf-with-dsym";
				ENABLE_NS_ASSERTIONS = NO;
				ENABLE_STRICT_OBJC_MSGSEND = YES;
				GCC_C_LANGUAGE_STANDARD = gnu99;
				GCC_NO_COMMON_BLOCKS = YES;
				GCC_WARN_64_TO_32_BIT_CONVERSION = YES;
				GCC_WARN_ABOUT_RETURN_TYPE = YES_ERROR;
				GCC_WARN_UNDECLARED_SELECTOR = YES;
				GCC_WARN_UNINITIALIZED_AUTOS = YES_AGGRESSIVE;
				GCC_WARN_UNUSED_FUNCTION = YES;
				GCC_WARN_UNUSED_VARIABLE = YES;
				MACOSX_DEPLOYMENT_TARGET = 10.12;
				MTL_ENABLE_DEBUG_INFO = NO;
				SDKROOT = macosx;
			};
			name = Release;
		};
		FE0DBDDD1F1D08FD008CAE90 /* Debug */ = {
			isa = XCBuildConfiguration;
			buildSettings = {
				PRODUCT_NAME = "$(TARGET_NAME)";
				SWIFT_VERSION = 3.0;
			};
			name = Debug;
		};
		FE0DBDDE1F1D08FD008CAE90 /* Release */ = {
			isa = XCBuildConfiguration;
			buildSettings = {
				PRODUCT_NAME = "$(TARGET_NAME)";
				SWIFT_VERSION = 3.0;
			};
			name = Release;
		};
/* End XCBuildConfiguration section */

/* Begin XCConfigurationList section */
		FE0DBDD01F1D08FD008CAE90 /* Build configuration list for PBXProject "CheckStoryboard" */ = {
			isa = XCConfigurationList;
			buildConfigurations = (
				FE0DBDDA1F1D08FD008CAE90 /* Debug */,
				FE0DBDDB1F1D08FD008CAE90 /* Release */,
			);
			defaultConfigurationIsVisible = 0;
			defaultConfigurationName = Release;
		};
		FE0DBDDC1F1D08FD008CAE90 /* Build configuration list for PBXNativeTarget "CheckStoryboard" */ = {
			isa = XCConfigurationList;
			buildConfigurations = (
				FE0DBDDD1F1D08FD008CAE90 /* Debug */,
				FE0DBDDE1F1D08FD008CAE90 /* Release */,
			);
			defaultConfigurationIsVisible = 0;
		};
/* End XCConfigurationList section */
	};
	rootObject = FE0DBDCD1F1D08FD008CAE90 /* Project object */;
}
